
Microsoft Visual Studio Solution File, Format Version 12.00
# Visual Studio Version 17
VisualStudioVersion = 17.14.36705.20 d17.14
MinimumVisualStudioVersion = 10.0.40219.1
Project("{FAE04EC0-301F-11D3-BF4B-00C04F79EFBC}") = "StudentAPI", "StudentAPI.csproj", "{59183643-FB1C-4A89-980B-D89D97F87C43}"
EndProject
Global
	GlobalSection(SolutionConfigurationPlatforms) = preSolution
		Debug|Any CPU = Debug|Any CPU
		Release|Any CPU = Release|Any CPU
	EndGlobalSection
	GlobalSection(ProjectConfigurationPlatforms) = postSolution
		{59183643-FB1C-4A89-980B-D89D97F87C43}.Debug|Any CPU.ActiveCfg = Debug|Any CPU
		{59183643-FB1C-4A89-980B-D89D97F87C43}.Debug|Any CPU.Build.0 = Debug|Any CPU
		{59183643-FB1C-4A89-980B-D89D97F87C43}.Release|Any CPU.ActiveCfg = Release|Any CPU
		{59183643-FB1C-4A89-980B-D89D97F87C43}.Release|Any CPU.Build.0 = Release|Any CPU
	EndGlobalSection
	GlobalSection(SolutionProperties) = preSolution
		HideSolutionNode = FALSE
	EndGlobalSection
	GlobalSection(ExtensibilityGlobals) = postSolution
		SolutionGuid = {E48B726D-202A-4887-862A-AAF9D9EC0E72}
	EndGlobalSection
EndGlobal
